
Microsoft Visual Studio Solution File, Format Version 12.00
# Visual Studio Version 16
VisualStudioVersion = 16.0.31605.320
MinimumVisualStudioVersion = 10.0.40219.1
Project("{FAE04EC0-301F-11D3-BF4B-00C04F79EFBC}") = "ProjectRecpies", "ProjectRecpies\ProjectRecpies.csproj", "{2D0C7033-6BE1-4014-BF5F-C45F80A5BC82}"
EndProject
Global
	GlobalSection(SolutionConfigurationPlatforms) = preSolution
		Debug|Any CPU = Debug|Any CPU
		Release|Any CPU = Release|Any CPU
	EndGlobalSection
	GlobalSection(ProjectConfigurationPlatforms) = postSolution
		{2D0C7033-6BE1-4014-BF5F-C45F80A5BC82}.Debug|Any CPU.ActiveCfg = Debug|Any CPU
		{2D0C7033-6BE1-4014-BF5F-C45F80A5BC82}.Debug|Any CPU.Build.0 = Debug|Any CPU
		{2D0C7033-6BE1-4014-BF5F-C45F80A5BC82}.Release|Any CPU.ActiveCfg = Release|Any CPU
		{2D0C7033-6BE1-4014-BF5F-C45F80A5BC82}.Release|Any CPU.Build.0 = Release|Any CPU
	EndGlobalSection
	GlobalSection(SolutionProperties) = preSolution
		HideSolutionNode = FALSE
	EndGlobalSection
	GlobalSection(ExtensibilityGlobals) = postSolution
		SolutionGuid = {5A465CA9-863A-43CB-9A34-4D429DFAAB90}
	EndGlobalSection
EndGlobal
